
Microsoft Visual Studio Solution File, Format Version 12.00
# Visual Studio Version 16
VisualStudioVersion = 16.0.31624.102
MinimumVisualStudioVersion = 10.0.40219.1
Project("{FAE04EC0-301F-11D3-BF4B-00C04F79EFBC}") = "Repositories.EntityFramework", "Repositories.EntityFramework.csproj", "{208D0BE3-694F-41EC-8471-CAE696302AAF}"
EndProject
Project("{9A19103F-16F7-4668-BE54-9A1E7A4F7556}") = "Repositories", "..\Repositories\Repositories.csproj", "{C1286CD5-5B79-497F-AABA-45519AF08414}"
EndProject
Project("{9A19103F-16F7-4668-BE54-9A1E7A4F7556}") = "Domain", "..\Domain\Domain.csproj", "{03037744-407F-441C-8E8B-B51394D11760}"
EndProject
Global
	GlobalSection(SolutionConfigurationPlatforms) = preSolution
		Debug|Any CPU = Debug|Any CPU
		Release|Any CPU = Release|Any CPU
	EndGlobalSection
	GlobalSection(ProjectConfigurationPlatforms) = postSolution
		{208D0BE3-694F-41EC-8471-CAE696302AAF}.Debug|Any CPU.ActiveCfg = Debug|Any CPU
		{208D0BE3-694F-41EC-8471-CAE696302AAF}.Debug|Any CPU.Build.0 = Debug|Any CPU
		{208D0BE3-694F-41EC-8471-CAE696302AAF}.Release|Any CPU.ActiveCfg = Release|Any CPU
		{208D0BE3-694F-41EC-8471-CAE696302AAF}.Release|Any CPU.Build.0 = Release|Any CPU
		{C1286CD5-5B79-497F-AABA-45519AF08414}.Debug|Any CPU.ActiveCfg = Debug|Any CPU
		{C1286CD5-5B79-497F-AABA-45519AF08414}.Debug|Any CPU.Build.0 = Debug|Any CPU
		{C1286CD5-5B79-497F-AABA-45519AF08414}.Release|Any CPU.ActiveCfg = Release|Any CPU
		{C1286CD5-5B79-497F-AABA-45519AF08414}.Release|Any CPU.Build.0 = Release|Any CPU
		{03037744-407F-441C-8E8B-B51394D11760}.Debug|Any CPU.ActiveCfg = Debug|Any CPU
		{03037744-407F-441C-8E8B-B51394D11760}.Debug|Any CPU.Build.0 = Debug|Any CPU
		{03037744-407F-441C-8E8B-B51394D11760}.Release|Any CPU.ActiveCfg = Release|Any CPU
		{03037744-407F-441C-8E8B-B51394D11760}.Release|Any CPU.Build.0 = Release|Any CPU
	EndGlobalSection
	GlobalSection(SolutionProperties) = preSolution
		HideSolutionNode = FALSE
	EndGlobalSection
	GlobalSection(ExtensibilityGlobals) = postSolution
		SolutionGuid = {E1161AC0-5BB0-49F8-A9F9-C748F4F4A94A}
	EndGlobalSection
EndGlobal
